// !$*UTF8*$!
{
	archiveVersion = 1;
	classes = {
	};
	objectVersion = 46;
	objects = {

/* Begin PBXBuildFile section */
		FBF7362E1F44D8EF0065848E /* AppDelegate.swift in Sources */ = {isa = PBXBuildFile; fileRef = FBF7362D1F44D8EF0065848E /* AppDelegate.swift */; };
		FBF736301F44D8EF0065848E /* ViewController.swift in Sources */ = {isa = PBXBuildFile; fileRef = FBF7362F1F44D8EF0065848E /* ViewController.swift */; };
		FBF736331F44D8EF0065848E /* Main.storyboard in Resources */ = {isa = PBXBuildFile; fileRef = FBF736311F44D8EF0065848E /* Main.storyboard */; };
		FBF736351F44D8EF0065848E /* Assets.xcassets in Resources */ = {isa = PBXBuildFile; fileRef = FBF736341F44D8EF0065848E /* Assets.xcassets */; };
		FBF736381F44D8EF0065848E /* LaunchScreen.storyboard in Resources */ = {isa = PBXBuildFile; fileRef = FBF736361F44D8EF0065848E /* LaunchScreen.storyboard */; };
/* End PBXBuildFile section */

/* Begin PBXFileReference section */
		FBF7362A1F44D8EF0065848E /* Facebook Live Stream Animation.app */ = {isa = PBXFileReference; explicitFileType = wrapper.application; includeInIndex = 0; path = "Facebook Live Stream Animation.app"; sourceTree = BUILT_PRODUCTS_DIR; };
		FBF7362D1F44D8EF0065848E /* AppDelegate.swift */ = {isa = PBXFileReference; lastKnownFileType = sourcecode.swift; path = AppDelegate.swift; sourceTree = "<group>"; };
		FBF7362F1F44D8EF0065848E /* ViewController.swift */ = {isa = PBXFileReference; lastKnownFileType = sourcecode.swift; path = ViewController.swift; sourceTree = "<group>"; };
		FBF736321F44D8EF0065848E /* Base */ = {isa = PBXFileReference; lastKnownFileType = file.storyboard; name = Base; path = Base.lproj/Main.storyboard; sourceTree = "<group>"; };
		FBF736341F44D8EF0065848E /* Assets.xcassets */ = {isa = PBXFileReference; lastKnownFileType = folder.assetcatalog; path = Assets.xcassets; sourceTree = "<group>"; };
		FBF736371F44D8EF0065848E /* Base */ = {isa = PBXFileReference; lastKnownFileType = file.storyboard; name = Base; path = Base.lproj/LaunchScreen.storyboard; sourceTree = "<group>"; };
		FBF736391F44D8EF0065848E /* Info.plist */ = {isa = PBXFileReference; lastKnownFileType = text.plist.xml; path = Info.plist; sourceTree = "<group>"; };
/* End PBXFileReference section */

/* Begin PBXFrameworksBuildPhase section */
		FBF736271F44D8EF0065848E /* Frameworks */ = {
			isa = PBXFrameworksBuildPhase;
			buildActionMask = 2147483647;
			files = (
			);
			runOnlyForDeploymentPostprocessing = 0;
		};
/* End PBXFrameworksBuildPhase section */

/* Begin PBXGroup section */
		FBF736211F44D8EF0065848E = {
			isa = PBXGroup;
			children = (
				FBF7362C1F44D8EF0065848E /* Facebook Live Stream Animation */,
				FBF7362B1F44D8EF0065848E /* Products */,
			);
			sourceTree = "<group>";
		};
		FBF7362B1F44D8EF0065848E /* Products */ = {
			isa = PBXGroup;
			children = (
				FBF7362A1F44D8EF0065848E /* Facebook Live Stream Animation.app */,
			);
			name = Products;
			sourceTree = "<group>";
		};
		FBF7362C1F44D8EF0065848E /* Facebook Live Stream Animation */ = {
			isa = PBXGroup;
			children = (
				FBF7362D1F44D8EF0065848E /* AppDelegate.swift */,
				FBF7362F1F44D8EF0065848E /* ViewController.swift */,
				FBF736311F44D8EF0065848E /* Main.storyboard */,
				FBF736341F44D8EF0065848E /* Assets.xcassets */,
				FBF736361F44D8EF0065848E /* LaunchScreen.storyboard */,
				FBF736391F44D8EF0065848E /* Info.plist */,
			);
			path = "Facebook Live Stream Animation";
			sourceTree = "<group>";
		};
/* End PBXGroup section */

/* Begin PBXNativeTarget section */
		FBF736291F44D8EF0065848E /* Facebook Live Stream Animation */ = {
			isa = PBXNativeTarget;
			buildConfigurationList = FBF7363C1F44D8EF0065848E /* Build configuration list for PBXNativeTarget "Facebook Live Stream Animation" */;
			buildPhases = (
				FBF736261F44D8EF0065848E /* Sources */,
				FBF736271F44D8EF0065848E /* Frameworks */,
				FBF736281F44D8EF0065848E /* Resources */,
			);
			buildRules = (
			);
			dependencies = (
			);
			name = "Facebook Live Stream Animation";
			productName = "Facebook Live Stream Animation";
			productReference = FBF7362A1F44D8EF0065848E /* Facebook Live Stream Animation.app */;
			productType = "com.apple.product-type.application";
		};
/* End PBXNativeTarget section */

/* Begin PBXProject section */
		FBF736221F44D8EF0065848E /* Project object */ = {
			isa = PBXProject;
			attributes = {
				LastSwiftUpdateCheck = 0830;
				LastUpgradeCheck = 0830;
				ORGANIZATIONNAME = "Alex Stevens";
				TargetAttributes = {
					FBF736291F44D8EF0065848E = {
						CreatedOnToolsVersion = 8.3.2;
						DevelopmentTeam = C7HGN23NTW;
						ProvisioningStyle = Automatic;
					};
				};
			};
			buildConfigurationList = FBF736251F44D8EF0065848E /* Build configuration list for PBXProject "Facebook Live Stream Animation" */;
			compatibilityVersion = "Xcode 3.2";
			developmentRegion = English;
			hasScannedForEncodings = 0;
			knownRegions = (
				en,
				Base,
			);
			mainGroup = FBF736211F44D8EF0065848E;
			productRefGroup = FBF7362B1F44D8EF0065848E /* Products */;
			projectDirPath = "";
			projectRoot = "";
			targets = (
				FBF736291F44D8EF0065848E /* Facebook Live Stream Animation */,
			);
		};
/* End PBXProject section */

/* Begin PBXResourcesBuildPhase section */
		FBF736281F44D8EF0065848E /* Resources */ = {
			isa = PBXResourcesBuildPhase;
			buildActionMask = 2147483647;
			files = (
				FBF736381F44D8EF0065848E /* LaunchScreen.storyboard in Resources */,
				FBF736351F44D8EF0065848E /* Assets.xcassets in Resources */,
				FBF736331F44D8EF0065848E /* Main.storyboard in Resources */,
			);
			runOnlyForDeploymentPostprocessing = 0;
		};
/* End PBXResourcesBuildPhase section */

/* Begin PBXSourcesBuildPhase section */
		FBF736261F44D8EF0065848E /* Sources */ = {
			isa = PBXSourcesBuildPhase;
			buildActionMask = 2147483647;
			files = (
				FBF736301F44D8EF0065848E /* ViewController.swift in Sources */,
				FBF7362E1F44D8EF0065848E /* AppDelegate.swift in Sources */,
			);
			runOnlyForDeploymentPostprocessing = 0;
		};
/* End PBXSourcesBuildPhase section */

/* Begin PBXVariantGroup section */
		FBF736311F44D8EF0065848E /* Main.storyboard */ = {
			isa = PBXVariantGroup;
			children = (
				FBF736321F44D8EF0065848E /* Base */,
			);
			name = Main.storyboard;
			sourceTree = "<group>";
		};
		FBF736361F44D8EF0065848E /* LaunchScreen.storyboard */ = {
			isa = PBXVariantGroup;
			children = (
				FBF736371F44D8EF0065848E /* Base */,
			);
			name = LaunchScreen.storyboard;
			sourceTree = "<group>";
		};
/* End PBXVariantGroup section */

/* Begin XCBuildConfiguration section */
		FBF7363A1F44D8EF0065848E /* Debug */ = {
			isa = XCBuildConfiguration;
			buildSettings = {
				ALWAYS_SEARCH_USER_PATHS = NO;
				CLANG_ANALYZER_NONNULL = YES;
				CLANG_ANALYZER_NUMBER_OBJECT_CONVERSION = YES_AGGRESSIVE;
				CLANG_CXX_LANGUAGE_STANDARD = "gnu++0x";
				CLANG_CXX_LIBRARY = "libc++";
				CLANG_ENABLE_MODULES = YES;
				CLANG_ENABLE_OBJC_ARC = YES;
				CLANG_WARN_BOOL_CONVERSION = YES;
				CLANG_WARN_CONSTANT_CONVERSION = YES;
				CLANG_WARN_DIRECT_OBJC_ISA_USAGE = YES_ERROR;
				CLANG_WARN_DOCUMENTATION_COMMENTS = YES;
				CLANG_WARN_EMPTY_BODY = YES;
				CLANG_WARN_ENUM_CONVERSION = YES;
				CLANG_WARN_INFINITE_RECURSION = YES;
				CLANG_WARN_INT_CONVERSION = YES;
				CLANG_WARN_OBJC_ROOT_CLASS = YES_ERROR;
				CLANG_WARN_SUSPICIOUS_MOVE = YES;
				CLANG_WARN_UNREACHABLE_CODE = YES;
				CLANG_WARN__DUPLICATE_METHOD_MATCH = YES;
				"CODE_SIGN_IDENTITY[sdk=iphoneos*]" = "iPhone Developer";
				COPY_PHASE_STRIP = NO;
				DEBUG_INFORMATION_FORMAT = dwarf;
				ENABLE_STRICT_OBJC_MSGSEND = YES;
				ENABLE_TESTABILITY = YES;
				GCC_C_LANGUAGE_STANDARD = gnu99;
				GCC_DYNAMIC_NO_PIC = NO;
				GCC_NO_COMMON_BLOCKS = YES;
				GCC_OPTIMIZATION_LEVEL = 0;
				GCC_PREPROCESSOR_DEFINITIONS = (
					"DEBUG=1",
					"$(inherited)",
				);
				GCC_WARN_64_TO_32_BIT_CONVERSION = YES;
				GCC_WARN_ABOUT_RETURN_TYPE = YES_ERROR;
				GCC_WARN_UNDECLARED_SELECTOR = YES;
				GCC_WARN_UNINITIALIZED_AUTOS = YES_AGGRESSIVE;
				GCC_WARN_UNUSED_FUNCTION = YES;
				GCC_WARN_UNUSED_VARIABLE = YES;
				IPHONEOS_DEPLOYMENT_TARGET = 10.3;
				MTL_ENABLE_DEBUG_INFO = YES;
				ONLY_ACTIVE_ARCH = YES;
				SDKROOT = iphoneos;
				SWIFT_ACTIVE_COMPILATION_CONDITIONS = DEBUG;
				SWIFT_OPTIMIZATION_LEVEL = "-Onone";
			};
			name = Debug;
		};
		FBF7363B1F44D8EF0065848E /* Release */ = {
			isa = XCBuildConfiguration;
			buildSettings = {
				ALWAYS_SEARCH_USER_PATHS = NO;
				CLANG_ANALYZER_NONNULL = YES;
				CLANG_ANALYZER_NUMBER_OBJECT_CONVERSION = YES_AGGRESSIVE;
				CLANG_CXX_LANGUAGE_STANDARD = "gnu++0x";
				CLANG_CXX_LIBRARY = "libc++";
				CLANG_ENABLE_MODULES = YES;
				CLANG_ENABLE_OBJC_ARC = YES;
				CLANG_WARN_BOOL_CONVERSION = YES;
				CLANG_WARN_CONSTANT_CONVERSION = YES;
				CLANG_WARN_DIRECT_OBJC_ISA_USAGE = YES_ERROR;
				CLANG_WARN_DOCUMENTATION_COMMENTS = YES;
				CLANG_WARN_EMPTY_BODY = YES;
				CLANG_WARN_ENUM_CONVERSION = YES;
				CLANG_WARN_INFINITE_RECURSION = YES;
				CLANG_WARN_INT_CONVERSION = YES;
				CLANG_WARN_OBJC_ROOT_CLASS = YES_ERROR;
				CLANG_WARN_SUSPICIOUS_MOVE = YES;
				CLANG_WARN_UNREACHABLE_CODE = YES;
				CLANG_WARN__DUPLICATE_METHOD_MATCH = YES;
				"CODE_SIGN_IDENTITY[sdk=iphoneos*]" = "iPhone Developer";
				COPY_PHASE_STRIP = NO;
				DEBUG_INFORMATION_FORMAT = "dwarf-with-dsym";
				ENABLE_NS_ASSERTIONS = NO;
				ENABLE_STRICT_OBJC_MSGSEND = YES;
				GCC_C_LANGUAGE_STANDARD = gnu99;
				GCC_NO_COMMON_BLOCKS = YES;
				GCC_WARN_64_TO_32_BIT_CONVERSION = YES;
				GCC_WARN_ABOUT_RETURN_TYPE = YES_ERROR;
				GCC_WARN_UNDECLARED_SELECTOR = YES;
				GCC_WARN_UNINITIALIZED_AUTOS = YES_AGGRESSIVE;
				GCC_WARN_UNUSED_FUNCTION = YES;
				GCC_WARN_UNUSED_VARIABLE = YES;
				IPHONEOS_DEPLOYMENT_TARGET = 10.3;
				MTL_ENABLE_DEBUG_INFO = NO;
				SDKROOT = iphoneos;
				SWIFT_OPTIMIZATION_LEVEL = "-Owholemodule";
				VALIDATE_PRODUCT = YES;
			};
			name = Release;
		};
		FBF7363D1F44D8EF0065848E /* Debug */ = {
			isa = XCBuildConfiguration;
			buildSettings = {
				ASSETCATALOG_COMPILER_APPICON_NAME = AppIcon;
				DEVELOPMENT_TEAM = C7HGN23NTW;
				INFOPLIST_FILE = "Facebook Live Stream Animation/Info.plist";
				LD_RUNPATH_SEARCH_PATHS = "$(inherited) @executable_path/Frameworks";
				PRODUCT_BUNDLE_IDENTIFIER = "com.AlexStevens.Facebook-Live-Stream-Animation";
				PRODUCT_NAME = "$(TARGET_NAME)";
				SWIFT_VERSION = 3.0;
			};
			name = Debug;
		};
		FBF7363E1F44D8EF0065848E /* Release */ = {
			isa = XCBuildConfiguration;
			buildSettings = {
				ASSETCATALOG_COMPILER_APPICON_NAME = AppIcon;
				DEVELOPMENT_TEAM = C7HGN23NTW;
				INFOPLIST_FILE = "Facebook Live Stream Animation/Info.plist";
				LD_RUNPATH_SEARCH_PATHS = "$(inherited) @executable_path/Frameworks";
				PRODUCT_BUNDLE_IDENTIFIER = "com.AlexStevens.Facebook-Live-Stream-Animation";
				PRODUCT_NAME = "$(TARGET_NAME)";
				SWIFT_VERSION = 3.0;
			};
			name = Release;
		};
/* End XCBuildConfiguration section */

/* Begin XCConfigurationList section */
		FBF736251F44D8EF0065848E /* Build configuration list for PBXProject "Facebook Live Stream Animation" */ = {
			isa = XCConfigurationList;
			buildConfigurations = (
				FBF7363A1F44D8EF0065848E /* Debug */,
				FBF7363B1F44D8EF0065848E /* Release */,
			);
			defaultConfigurationIsVisible = 0;
			defaultConfigurationName = Release;
		};
		FBF7363C1F44D8EF0065848E /* Build configuration list for PBXNativeTarget "Facebook Live Stream Animation" */ = {
			isa = XCConfigurationList;
			buildConfigurations = (
				FBF7363D1F44D8EF0065848E /* Debug */,
				FBF7363E1F44D8EF0065848E /* Release */,
			);
			defaultConfigurationIsVisible = 0;
		};
/* End XCConfigurationList section */
	};
	rootObject = FBF736221F44D8EF0065848E /* Project object */;
}
